
Microsoft Visual Studio Solution File, Format Version 12.00
Project("{FAE04EC0-301F-11D3-BF4B-00C04F79EFBC}") = "ATMApp", "ATMApp\ATMApp.csproj", "{AE3EA7DE-CC74-4C98-9CEE-2D7DB837C549}"
EndProject
Global
	GlobalSection(SolutionConfigurationPlatforms) = preSolution
		Debug|Any CPU = Debug|Any CPU
		Release|Any CPU = Release|Any CPU
	EndGlobalSection
	GlobalSection(ProjectConfigurationPlatforms) = postSolution
		{AE3EA7DE-CC74-4C98-9CEE-2D7DB837C549}.Debug|Any CPU.ActiveCfg = Debug|Any CPU
		{AE3EA7DE-CC74-4C98-9CEE-2D7DB837C549}.Debug|Any CPU.Build.0 = Debug|Any CPU
		{AE3EA7DE-CC74-4C98-9CEE-2D7DB837C549}.Release|Any CPU.ActiveCfg = Release|Any CPU
		{AE3EA7DE-CC74-4C98-9CEE-2D7DB837C549}.Release|Any CPU.Build.0 = Release|Any CPU
	EndGlobalSection
EndGlobal
