
Microsoft Visual Studio Solution File, Format Version 12.00
Project("{FAE04EC0-301F-11D3-BF4B-00C04F79EFBC}") = "Constructor", "Constructor\Constructor.csproj", "{37DA45D7-C618-4C51-B43F-21346D36184A}"
EndProject
Global
	GlobalSection(SolutionConfigurationPlatforms) = preSolution
		Debug|Any CPU = Debug|Any CPU
		Release|Any CPU = Release|Any CPU
	EndGlobalSection
	GlobalSection(ProjectConfigurationPlatforms) = postSolution
		{37DA45D7-C618-4C51-B43F-21346D36184A}.Debug|Any CPU.ActiveCfg = Debug|Any CPU
		{37DA45D7-C618-4C51-B43F-21346D36184A}.Debug|Any CPU.Build.0 = Debug|Any CPU
		{37DA45D7-C618-4C51-B43F-21346D36184A}.Release|Any CPU.ActiveCfg = Release|Any CPU
		{37DA45D7-C618-4C51-B43F-21346D36184A}.Release|Any CPU.Build.0 = Release|Any CPU
	EndGlobalSection
EndGlobal
